
Microsoft Visual Studio Solution File, Format Version 12.00
# Visual Studio Version 17
VisualStudioVersion = 17.7.34031.279
MinimumVisualStudioVersion = 10.0.40219.1
Project("{FAE04EC0-301F-11D3-BF4B-00C04F79EFBC}") = "LAB__05GUI", "LAB__05GUI\LAB__05GUI.csproj", "{BC6A9C2B-4B9F-4275-B87D-F26D5FFE7319}"
EndProject
Project("{FAE04EC0-301F-11D3-BF4B-00C04F79EFBC}") = "LAB__05BUS", "LAB__05BUS\LAB__05BUS.csproj", "{71AC6941-556B-4C70-9B3E-26C277D2FCBA}"
EndProject
Project("{FAE04EC0-301F-11D3-BF4B-00C04F79EFBC}") = "LAB__05DAL", "LAB__05DAL\LAB__05DAL.csproj", "{A1A5BF42-BD71-403A-8878-2A0DBF713BCC}"
EndProject
Global
	GlobalSection(SolutionConfigurationPlatforms) = preSolution
		Debug|Any CPU = Debug|Any CPU
		Release|Any CPU = Release|Any CPU
	EndGlobalSection
	GlobalSection(ProjectConfigurationPlatforms) = postSolution
		{BC6A9C2B-4B9F-4275-B87D-F26D5FFE7319}.Debug|Any CPU.ActiveCfg = Debug|Any CPU
		{BC6A9C2B-4B9F-4275-B87D-F26D5FFE7319}.Debug|Any CPU.Build.0 = Debug|Any CPU
		{BC6A9C2B-4B9F-4275-B87D-F26D5FFE7319}.Release|Any CPU.ActiveCfg = Release|Any CPU
		{BC6A9C2B-4B9F-4275-B87D-F26D5FFE7319}.Release|Any CPU.Build.0 = Release|Any CPU
		{71AC6941-556B-4C70-9B3E-26C277D2FCBA}.Debug|Any CPU.ActiveCfg = Debug|Any CPU
		{71AC6941-556B-4C70-9B3E-26C277D2FCBA}.Debug|Any CPU.Build.0 = Debug|Any CPU
		{71AC6941-556B-4C70-9B3E-26C277D2FCBA}.Release|Any CPU.ActiveCfg = Release|Any CPU
		{71AC6941-556B-4C70-9B3E-26C277D2FCBA}.Release|Any CPU.Build.0 = Release|Any CPU
		{A1A5BF42-BD71-403A-8878-2A0DBF713BCC}.Debug|Any CPU.ActiveCfg = Debug|Any CPU
		{A1A5BF42-BD71-403A-8878-2A0DBF713BCC}.Debug|Any CPU.Build.0 = Debug|Any CPU
		{A1A5BF42-BD71-403A-8878-2A0DBF713BCC}.Release|Any CPU.ActiveCfg = Release|Any CPU
		{A1A5BF42-BD71-403A-8878-2A0DBF713BCC}.Release|Any CPU.Build.0 = Release|Any CPU
	EndGlobalSection
	GlobalSection(SolutionProperties) = preSolution
		HideSolutionNode = FALSE
	EndGlobalSection
	GlobalSection(ExtensibilityGlobals) = postSolution
		SolutionGuid = {B69F7BFB-2D39-447E-A12E-C06820EB207B}
	EndGlobalSection
EndGlobal
